
Microsoft Visual Studio Solution File, Format Version 12.00
# Visual Studio Version 16
VisualStudioVersion = 16.0.30804.86
MinimumVisualStudioVersion = 10.0.40219.1
Project("{FAE04EC0-301F-11D3-BF4B-00C04F79EFBC}") = "App2.Android", "App2.Android\App2.Android.csproj", "{9653998A-70D6-4DAC-8944-775E06E2E031}"
EndProject
Project("{FAE04EC0-301F-11D3-BF4B-00C04F79EFBC}") = "App2", "App2\App2.csproj", "{55A4E7C2-5F56-4CBE-9084-E5E799F0367C}"
EndProject
Global
	GlobalSection(SolutionConfigurationPlatforms) = preSolution
		Debug|Any CPU = Debug|Any CPU
		Release|Any CPU = Release|Any CPU
	EndGlobalSection
	GlobalSection(ProjectConfigurationPlatforms) = postSolution
		{9653998A-70D6-4DAC-8944-775E06E2E031}.Debug|Any CPU.ActiveCfg = Debug|Any CPU
		{9653998A-70D6-4DAC-8944-775E06E2E031}.Debug|Any CPU.Build.0 = Debug|Any CPU
		{9653998A-70D6-4DAC-8944-775E06E2E031}.Debug|Any CPU.Deploy.0 = Debug|Any CPU
		{9653998A-70D6-4DAC-8944-775E06E2E031}.Release|Any CPU.ActiveCfg = Release|Any CPU
		{9653998A-70D6-4DAC-8944-775E06E2E031}.Release|Any CPU.Build.0 = Release|Any CPU
		{9653998A-70D6-4DAC-8944-775E06E2E031}.Release|Any CPU.Deploy.0 = Release|Any CPU
		{55A4E7C2-5F56-4CBE-9084-E5E799F0367C}.Debug|Any CPU.ActiveCfg = Debug|Any CPU
		{55A4E7C2-5F56-4CBE-9084-E5E799F0367C}.Debug|Any CPU.Build.0 = Debug|Any CPU
		{55A4E7C2-5F56-4CBE-9084-E5E799F0367C}.Debug|Any CPU.Deploy.0 = Debug|Any CPU
		{55A4E7C2-5F56-4CBE-9084-E5E799F0367C}.Release|Any CPU.ActiveCfg = Release|Any CPU
		{55A4E7C2-5F56-4CBE-9084-E5E799F0367C}.Release|Any CPU.Build.0 = Release|Any CPU
		{55A4E7C2-5F56-4CBE-9084-E5E799F0367C}.Release|Any CPU.Deploy.0 = Release|Any CPU
	EndGlobalSection
	GlobalSection(SolutionProperties) = preSolution
		HideSolutionNode = FALSE
	EndGlobalSection
	GlobalSection(ExtensibilityGlobals) = postSolution
		SolutionGuid = {8654A674-7BC8-4B9D-87CC-A6813D21B9AF}
	EndGlobalSection
EndGlobal
